Microsoft Visual Studio Solution File, Format Version 12.00
# Visual Studio Version 17
VisualStudioVersion = 17.5.2.0
MinimumVisualStudioVersion = 10.0.40219.1
Project("{2150E333-8FDC-42A3-9474-1A3956D46DE8}") = "bodycam_dotnet", "bodycam_dotnet", "{277B83E8-2F75-A65E-5B15-5BAC1A5A7F5A}"
EndProject
Project("{FAE04EC0-301F-11D3-BF4B-00C04F79EFBC}") = "BodycamApi", "bodycam_dotnet\BodycamApi.csproj", "{7C5D22BE-339F-A680-09FF-0D575FA47B67}"
EndProject
Global
	GlobalSection(SolutionConfigurationPlatforms) = preSolution
		Debug|Any CPU = Debug|Any CPU
		Release|Any CPU = Release|Any CPU
	EndGlobalSection
	GlobalSection(ProjectConfigurationPlatforms) = postSolution
		{7C5D22BE-339F-A680-09FF-0D575FA47B67}.Debug|Any CPU.ActiveCfg = Debug|Any CPU
		{7C5D22BE-339F-A680-09FF-0D575FA47B67}.Debug|Any CPU.Build.0 = Debug|Any CPU
		{7C5D22BE-339F-A680-09FF-0D575FA47B67}.Release|Any CPU.ActiveCfg = Release|Any CPU
		{7C5D22BE-339F-A680-09FF-0D575FA47B67}.Release|Any CPU.Build.0 = Release|Any CPU
	EndGlobalSection
	GlobalSection(SolutionProperties) = preSolution
		HideSolutionNode = FALSE
	EndGlobalSection
	GlobalSection(NestedProjects) = preSolution
		{7C5D22BE-339F-A680-09FF-0D575FA47B67} = {277B83E8-2F75-A65E-5B15-5BAC1A5A7F5A}
	EndGlobalSection
	GlobalSection(ExtensibilityGlobals) = postSolution
		SolutionGuid = {3A0481C6-2E16-4AFD-8A31-3769BFFE12EC}
	EndGlobalSection
EndGlobal
